
Microsoft Visual Studio Solution File, Format Version 12.00
# Visual Studio Version 17
VisualStudioVersion = 17.4.33122.133
MinimumVisualStudioVersion = 10.0.40219.1
Project("{FAE04EC0-301F-11D3-BF4B-00C04F79EFBC}") = "WebApplication4", "WebApplication4\WebApplication4.csproj", "{DAC88EAD-F74A-430B-AA87-081E146276B0}"
EndProject
Global
	GlobalSection(SolutionConfigurationPlatforms) = preSolution
		Debug|Any CPU = Debug|Any CPU
		Release|Any CPU = Release|Any CPU
	EndGlobalSection
	GlobalSection(ProjectConfigurationPlatforms) = postSolution
		{DAC88EAD-F74A-430B-AA87-081E146276B0}.Debug|Any CPU.ActiveCfg = Debug|Any CPU
		{DAC88EAD-F74A-430B-AA87-081E146276B0}.Debug|Any CPU.Build.0 = Debug|Any CPU
		{DAC88EAD-F74A-430B-AA87-081E146276B0}.Release|Any CPU.ActiveCfg = Release|Any CPU
		{DAC88EAD-F74A-430B-AA87-081E146276B0}.Release|Any CPU.Build.0 = Release|Any CPU
	EndGlobalSection
	GlobalSection(SolutionProperties) = preSolution
		HideSolutionNode = FALSE
	EndGlobalSection
	GlobalSection(ExtensibilityGlobals) = postSolution
		SolutionGuid = {5D90CBBE-97E4-4914-B5A6-F1E1BC1BCF42}
	EndGlobalSection
EndGlobal
